{
  "version": 4,
  "terraform_version": "1.3.8",
  "serial": 1,
  "lineage": "1ee12ff0-c98c-2052-10e0-06c500af2a39",
  "outputs": {},
  "resources": [
    {
      "mode": "managed",
      "type": "aws_vpc",
      "name": "tf_test",
      "provider": "provider[\"registry.terraform.io/hashicorp/aws\"]",
      "instances": [
        {
          "schema_version": 1,
          "attributes": {
            "arn": "arn:aws:ec2:ap-northeast-1:313744126666:vpc/vpc-01c129240c7090efb",
            "assign_generated_ipv6_cidr_block": false,
            "cidr_block": "10.1.0.0/16",
            "default_network_acl_id": "acl-0a3b74d99284690c0",
            "default_route_table_id": "rtb-02ea3849415863097",
            "default_security_group_id": "sg-06fa46f5243cc1766",
            "dhcp_options_id": "dopt-a1a393c6",
            "enable_dns_hostnames": false,
            "enable_dns_support": true,
            "enable_network_address_usage_metrics": false,
            "id": "vpc-01c129240c7090efb",
            "instance_tenancy": "default",
            "ipv4_ipam_pool_id": null,
            "ipv4_netmask_length": null,
            "ipv6_association_id": "",
            "ipv6_cidr_block": "",
            "ipv6_cidr_block_network_border_group": "",
            "ipv6_ipam_pool_id": "",
            "ipv6_netmask_length": 0,
            "main_route_table_id": "rtb-02ea3849415863097",
            "owner_id": "313744126666",
            "tags": {
              "Name": "tf-test"
            },
            "tags_all": {
              "Name": "tf-test"
            }
          },
          "sensitive_attributes": [],
          "private": "eyJzY2hlbWFfdmVyc2lvbiI6IjEifQ=="
        }
      ]
    }
  ],
  "check_results": null
}
